
Microsoft Visual Studio Solution File, Format Version 12.00
# Visual Studio Version 16
VisualStudioVersion = 16.0.29102.190
MinimumVisualStudioVersion = 10.0.40219.1
Project("{9A19103F-16F7-4668-BE54-9A1E7A4F7556}") = "TestClient", "TestClient\TestClient.dev.csproj", "{3BCD9992-175B-4E20-800A-3DD32FDCA9A1}"
EndProject
Project("{9A19103F-16F7-4668-BE54-9A1E7A4F7556}") = "TCP", "..\TCP\TCP\TCP.csproj", "{D130F530-95E4-4B31-A339-471CB2A3D90F}"
EndProject
Project("{9A19103F-16F7-4668-BE54-9A1E7A4F7556}") = "coap.dev", "..\CoAP-CSharp\CoAP.NET\coap.dev.csproj", "{45DB1E45-4831-4E4A-BB1E-AE92EEA182E3}"
EndProject
Project("{FAE04EC0-301F-11D3-BF4B-00C04F79EFBC}") = "crypto", "..\..\..\Bouncy-Castle\bc-csharp\crypto\crypto.csproj", "{38872A5F-E87E-4FAD-B109-8EB7B2E6A4A0}"
EndProject
Project("{9A19103F-16F7-4668-BE54-9A1E7A4F7556}") = "OAuth.dev", "..\..\..\ace\Oauth-Authz\OAuth\OAuth.dev.csproj", "{57B3851A-F410-42DD-BE26-A7D55CDCDC4F}"
EndProject
Project("{9A19103F-16F7-4668-BE54-9A1E7A4F7556}") = "CWT.dev", "..\CWT\WebToken\CWT.dev.csproj", "{D0122CAD-CCD2-4CCF-B4A3-D2BBE5D86A1B}"
EndProject
Project("{9A19103F-16F7-4668-BE54-9A1E7A4F7556}") = "COSE.dev", "..\..\..\COSE\COSE-csharp\COSE\COSE.dev.csproj", "{4FA4E707-7D55-45B2-8FAD-C035FC76476D}"
EndProject
Global
	GlobalSection(SolutionConfigurationPlatforms) = preSolution
		Debug|Any CPU = Debug|Any CPU
		Deploy|Any CPU = Deploy|Any CPU
		Release|Any CPU = Release|Any CPU
	EndGlobalSection
	GlobalSection(ProjectConfigurationPlatforms) = postSolution
		{3BCD9992-175B-4E20-800A-3DD32FDCA9A1}.Debug|Any CPU.ActiveCfg = Debug|Any CPU
		{3BCD9992-175B-4E20-800A-3DD32FDCA9A1}.Debug|Any CPU.Build.0 = Debug|Any CPU
		{3BCD9992-175B-4E20-800A-3DD32FDCA9A1}.Deploy|Any CPU.ActiveCfg = Debug|Any CPU
		{3BCD9992-175B-4E20-800A-3DD32FDCA9A1}.Deploy|Any CPU.Build.0 = Debug|Any CPU
		{3BCD9992-175B-4E20-800A-3DD32FDCA9A1}.Release|Any CPU.ActiveCfg = Release|Any CPU
		{3BCD9992-175B-4E20-800A-3DD32FDCA9A1}.Release|Any CPU.Build.0 = Release|Any CPU
		{D130F530-95E4-4B31-A339-471CB2A3D90F}.Debug|Any CPU.ActiveCfg = Debug|Any CPU
		{D130F530-95E4-4B31-A339-471CB2A3D90F}.Debug|Any CPU.Build.0 = Debug|Any CPU
		{D130F530-95E4-4B31-A339-471CB2A3D90F}.Deploy|Any CPU.ActiveCfg = Debug|Any CPU
		{D130F530-95E4-4B31-A339-471CB2A3D90F}.Deploy|Any CPU.Build.0 = Debug|Any CPU
		{D130F530-95E4-4B31-A339-471CB2A3D90F}.Release|Any CPU.ActiveCfg = Release|Any CPU
		{D130F530-95E4-4B31-A339-471CB2A3D90F}.Release|Any CPU.Build.0 = Release|Any CPU
		{45DB1E45-4831-4E4A-BB1E-AE92EEA182E3}.Debug|Any CPU.ActiveCfg = Debug|Any CPU
		{45DB1E45-4831-4E4A-BB1E-AE92EEA182E3}.Debug|Any CPU.Build.0 = Debug|Any CPU
		{45DB1E45-4831-4E4A-BB1E-AE92EEA182E3}.Deploy|Any CPU.ActiveCfg = Debug|Any CPU
		{45DB1E45-4831-4E4A-BB1E-AE92EEA182E3}.Deploy|Any CPU.Build.0 = Debug|Any CPU
		{45DB1E45-4831-4E4A-BB1E-AE92EEA182E3}.Release|Any CPU.ActiveCfg = Release|Any CPU
		{45DB1E45-4831-4E4A-BB1E-AE92EEA182E3}.Release|Any CPU.Build.0 = Release|Any CPU
		{38872A5F-E87E-4FAD-B109-8EB7B2E6A4A0}.Debug|Any CPU.ActiveCfg = Debug|Any CPU
		{38872A5F-E87E-4FAD-B109-8EB7B2E6A4A0}.Debug|Any CPU.Build.0 = Debug|Any CPU
		{38872A5F-E87E-4FAD-B109-8EB7B2E6A4A0}.Deploy|Any CPU.ActiveCfg = Debug|Any CPU
		{38872A5F-E87E-4FAD-B109-8EB7B2E6A4A0}.Deploy|Any CPU.Build.0 = Debug|Any CPU
		{38872A5F-E87E-4FAD-B109-8EB7B2E6A4A0}.Release|Any CPU.ActiveCfg = Release|Any CPU
		{38872A5F-E87E-4FAD-B109-8EB7B2E6A4A0}.Release|Any CPU.Build.0 = Release|Any CPU
		{57B3851A-F410-42DD-BE26-A7D55CDCDC4F}.Debug|Any CPU.ActiveCfg = Debug|Any CPU
		{57B3851A-F410-42DD-BE26-A7D55CDCDC4F}.Debug|Any CPU.Build.0 = Debug|Any CPU
		{57B3851A-F410-42DD-BE26-A7D55CDCDC4F}.Deploy|Any CPU.ActiveCfg = Debug|Any CPU
		{57B3851A-F410-42DD-BE26-A7D55CDCDC4F}.Deploy|Any CPU.Build.0 = Debug|Any CPU
		{57B3851A-F410-42DD-BE26-A7D55CDCDC4F}.Release|Any CPU.ActiveCfg = Release|Any CPU
		{57B3851A-F410-42DD-BE26-A7D55CDCDC4F}.Release|Any CPU.Build.0 = Release|Any CPU
		{D0122CAD-CCD2-4CCF-B4A3-D2BBE5D86A1B}.Debug|Any CPU.ActiveCfg = Debug|Any CPU
		{D0122CAD-CCD2-4CCF-B4A3-D2BBE5D86A1B}.Debug|Any CPU.Build.0 = Debug|Any CPU
		{D0122CAD-CCD2-4CCF-B4A3-D2BBE5D86A1B}.Deploy|Any CPU.ActiveCfg = Debug|Any CPU
		{D0122CAD-CCD2-4CCF-B4A3-D2BBE5D86A1B}.Deploy|Any CPU.Build.0 = Debug|Any CPU
		{D0122CAD-CCD2-4CCF-B4A3-D2BBE5D86A1B}.Release|Any CPU.ActiveCfg = Release|Any CPU
		{D0122CAD-CCD2-4CCF-B4A3-D2BBE5D86A1B}.Release|Any CPU.Build.0 = Release|Any CPU
		{4FA4E707-7D55-45B2-8FAD-C035FC76476D}.Debug|Any CPU.ActiveCfg = Debug|Any CPU
		{4FA4E707-7D55-45B2-8FAD-C035FC76476D}.Debug|Any CPU.Build.0 = Debug|Any CPU
		{4FA4E707-7D55-45B2-8FAD-C035FC76476D}.Deploy|Any CPU.ActiveCfg = Debug|Any CPU
		{4FA4E707-7D55-45B2-8FAD-C035FC76476D}.Deploy|Any CPU.Build.0 = Debug|Any CPU
		{4FA4E707-7D55-45B2-8FAD-C035FC76476D}.Release|Any CPU.ActiveCfg = Release|Any CPU
		{4FA4E707-7D55-45B2-8FAD-C035FC76476D}.Release|Any CPU.Build.0 = Release|Any CPU
	EndGlobalSection
	GlobalSection(SolutionProperties) = preSolution
		HideSolutionNode = FALSE
	EndGlobalSection
	GlobalSection(ExtensibilityGlobals) = postSolution
		SolutionGuid = {A138CA10-3B22-4602-80EB-1F806E46415E}
	EndGlobalSection
EndGlobal
